
Microsoft Visual Studio Solution File, Format Version 12.00
# Visual Studio 15
Project("{FAE04EC0-301F-11D3-BF4B-00C04F79EFBC}") = "KartGame", "KartGame.csproj", "{C1098531-BAFE-AB0A-4E11-6C9AF8CB5C56}"
EndProject
Project("{FAE04EC0-301F-11D3-BF4B-00C04F79EFBC}") = "Assembly-CSharp", "Assembly-CSharp.csproj", "{3E42F267-A9C7-CAFC-7C8B-AC06A9C1A358}"
EndProject
Project("{FAE04EC0-301F-11D3-BF4B-00C04F79EFBC}") = "MLAgentsToolKit", "MLAgentsToolKit.csproj", "{2A2D1B79-6C46-3DBD-652E-A669CE0EA5F4}"
EndProject
Project("{FAE04EC0-301F-11D3-BF4B-00C04F79EFBC}") = "KartGame.AI", "KartGame.AI.csproj", "{30D2A18A-02DD-12A9-E7D2-EC50F43594BB}"
EndProject
Project("{FAE04EC0-301F-11D3-BF4B-00C04F79EFBC}") = "MLAgentsToolKit.Editor", "MLAgentsToolKit.Editor.csproj", "{C234D8A5-CF72-077C-F882-FD1CB67B527F}"
EndProject
Project("{FAE04EC0-301F-11D3-BF4B-00C04F79EFBC}") = "KartGame.Editor", "KartGame.Editor.csproj", "{46C87125-4AFC-DCFC-A6BB-167359D828CD}"
EndProject
Project("{FAE04EC0-301F-11D3-BF4B-00C04F79EFBC}") = "KartGame.AI.Editor", "KartGame.AI.Editor.csproj", "{D4E292DC-7A86-DDA5-4A0A-E94B1FC8E616}"
EndProject
Global
	GlobalSection(SolutionConfigurationPlatforms) = preSolution
		Debug|Any CPU = Debug|Any CPU
		Release|Any CPU = Release|Any CPU
	EndGlobalSection
	GlobalSection(ProjectConfigurationPlatforms) = postSolution
		{C1098531-BAFE-AB0A-4E11-6C9AF8CB5C56}.Debug|Any CPU.ActiveCfg = Debug|Any CPU
		{C1098531-BAFE-AB0A-4E11-6C9AF8CB5C56}.Debug|Any CPU.Build.0 = Debug|Any CPU
		{C1098531-BAFE-AB0A-4E11-6C9AF8CB5C56}.Release|Any CPU.ActiveCfg = Release|Any CPU
		{C1098531-BAFE-AB0A-4E11-6C9AF8CB5C56}.Release|Any CPU.Build.0 = Release|Any CPU
		{3E42F267-A9C7-CAFC-7C8B-AC06A9C1A358}.Debug|Any CPU.ActiveCfg = Debug|Any CPU
		{3E42F267-A9C7-CAFC-7C8B-AC06A9C1A358}.Debug|Any CPU.Build.0 = Debug|Any CPU
		{3E42F267-A9C7-CAFC-7C8B-AC06A9C1A358}.Release|Any CPU.ActiveCfg = Release|Any CPU
		{3E42F267-A9C7-CAFC-7C8B-AC06A9C1A358}.Release|Any CPU.Build.0 = Release|Any CPU
		{2A2D1B79-6C46-3DBD-652E-A669CE0EA5F4}.Debug|Any CPU.ActiveCfg = Debug|Any CPU
		{2A2D1B79-6C46-3DBD-652E-A669CE0EA5F4}.Debug|Any CPU.Build.0 = Debug|Any CPU
		{2A2D1B79-6C46-3DBD-652E-A669CE0EA5F4}.Release|Any CPU.ActiveCfg = Release|Any CPU
		{2A2D1B79-6C46-3DBD-652E-A669CE0EA5F4}.Release|Any CPU.Build.0 = Release|Any CPU
		{30D2A18A-02DD-12A9-E7D2-EC50F43594BB}.Debug|Any CPU.ActiveCfg = Debug|Any CPU
		{30D2A18A-02DD-12A9-E7D2-EC50F43594BB}.Debug|Any CPU.Build.0 = Debug|Any CPU
		{30D2A18A-02DD-12A9-E7D2-EC50F43594BB}.Release|Any CPU.ActiveCfg = Release|Any CPU
		{30D2A18A-02DD-12A9-E7D2-EC50F43594BB}.Release|Any CPU.Build.0 = Release|Any CPU
		{C234D8A5-CF72-077C-F882-FD1CB67B527F}.Debug|Any CPU.ActiveCfg = Debug|Any CPU
		{C234D8A5-CF72-077C-F882-FD1CB67B527F}.Debug|Any CPU.Build.0 = Debug|Any CPU
		{C234D8A5-CF72-077C-F882-FD1CB67B527F}.Release|Any CPU.ActiveCfg = Release|Any CPU
		{C234D8A5-CF72-077C-F882-FD1CB67B527F}.Release|Any CPU.Build.0 = Release|Any CPU
		{46C87125-4AFC-DCFC-A6BB-167359D828CD}.Debug|Any CPU.ActiveCfg = Debug|Any CPU
		{46C87125-4AFC-DCFC-A6BB-167359D828CD}.Debug|Any CPU.Build.0 = Debug|Any CPU
		{46C87125-4AFC-DCFC-A6BB-167359D828CD}.Release|Any CPU.ActiveCfg = Release|Any CPU
		{46C87125-4AFC-DCFC-A6BB-167359D828CD}.Release|Any CPU.Build.0 = Release|Any CPU
		{D4E292DC-7A86-DDA5-4A0A-E94B1FC8E616}.Debug|Any CPU.ActiveCfg = Debug|Any CPU
		{D4E292DC-7A86-DDA5-4A0A-E94B1FC8E616}.Debug|Any CPU.Build.0 = Debug|Any CPU
		{D4E292DC-7A86-DDA5-4A0A-E94B1FC8E616}.Release|Any CPU.ActiveCfg = Release|Any CPU
		{D4E292DC-7A86-DDA5-4A0A-E94B1FC8E616}.Release|Any CPU.Build.0 = Release|Any CPU
	EndGlobalSection
	GlobalSection(SolutionProperties) = preSolution
		HideSolutionNode = FALSE
	EndGlobalSection
EndGlobal
